
Microsoft Visual Studio Solution File, Format Version 12.00
# Visual Studio Version 17
VisualStudioVersion = 17.5.33530.505
MinimumVisualStudioVersion = 10.0.40219.1
Project("{FAE04EC0-301F-11D3-BF4B-00C04F79EFBC}") = "MazeProgram3", "MazeProgram3\MazeProgram3.csproj", "{CBF9EE58-C32F-41CC-9AC3-A3011C4279E5}"
EndProject
Global
	GlobalSection(SolutionConfigurationPlatforms) = preSolution
		Debug|Any CPU = Debug|Any CPU
		Release|Any CPU = Release|Any CPU
	EndGlobalSection
	GlobalSection(ProjectConfigurationPlatforms) = postSolution
		{CBF9EE58-C32F-41CC-9AC3-A3011C4279E5}.Debug|Any CPU.ActiveCfg = Debug|Any CPU
		{CBF9EE58-C32F-41CC-9AC3-A3011C4279E5}.Debug|Any CPU.Build.0 = Debug|Any CPU
		{CBF9EE58-C32F-41CC-9AC3-A3011C4279E5}.Release|Any CPU.ActiveCfg = Release|Any CPU
		{CBF9EE58-C32F-41CC-9AC3-A3011C4279E5}.Release|Any CPU.Build.0 = Release|Any CPU
	EndGlobalSection
	GlobalSection(SolutionProperties) = preSolution
		HideSolutionNode = FALSE
	EndGlobalSection
	GlobalSection(ExtensibilityGlobals) = postSolution
		SolutionGuid = {64A345C9-EC02-4BF5-BB30-2D15F5CF8B0F}
	EndGlobalSection
EndGlobal
